
Microsoft Visual Studio Solution File, Format Version 12.00
# Visual Studio 15
Project("{FAE04EC0-301F-11D3-BF4B-00C04F79EFBC}") = "CarouselImagenes", "CarouselImagenes\CarouselImagenes.csproj", "{A0A0D26F-04F3-41E0-AA79-9A67A71D774E}"
EndProject
Global
	GlobalSection(SolutionConfigurationPlatforms) = preSolution
		Debug|Any CPU = Debug|Any CPU
		Release|Any CPU = Release|Any CPU
	EndGlobalSection
	GlobalSection(ProjectConfigurationPlatforms) = postSolution
		{A0A0D26F-04F3-41E0-AA79-9A67A71D774E}.Debug|Any CPU.ActiveCfg = Debug|Any CPU
		{A0A0D26F-04F3-41E0-AA79-9A67A71D774E}.Debug|Any CPU.Build.0 = Debug|Any CPU
		{A0A0D26F-04F3-41E0-AA79-9A67A71D774E}.Release|Any CPU.ActiveCfg = Release|Any CPU
		{A0A0D26F-04F3-41E0-AA79-9A67A71D774E}.Release|Any CPU.Build.0 = Release|Any CPU
	EndGlobalSection
EndGlobal
