
Microsoft Visual Studio Solution File, Format Version 12.00
# Visual Studio 2012
Project("{FAE04EC0-301F-11D3-BF4B-00C04F79EFBC}") = "VideoPlayer", "VideoPlayer.csproj", "{E1394F2A-EEE1-49E9-A95F-24EC6453D579}"
EndProject
Global
	GlobalSection(SolutionConfigurationPlatforms) = preSolution
		Debug|Any CPU = Debug|Any CPU
		Release|Any CPU = Release|Any CPU
	EndGlobalSection
	GlobalSection(ProjectConfigurationPlatforms) = postSolution
		{E1394F2A-EEE1-49E9-A95F-24EC6453D579}.Debug|Any CPU.ActiveCfg = Debug|Any CPU
		{E1394F2A-EEE1-49E9-A95F-24EC6453D579}.Debug|Any CPU.Build.0 = Debug|Any CPU
		{E1394F2A-EEE1-49E9-A95F-24EC6453D579}.Release|Any CPU.ActiveCfg = Release|Any CPU
		{E1394F2A-EEE1-49E9-A95F-24EC6453D579}.Release|Any CPU.Build.0 = Release|Any CPU
	EndGlobalSection
EndGlobal
