
Microsoft Visual Studio Solution File, Format Version 12.00
# Visual Studio 15
Project("{FAE04EC0-301F-11D3-BF4B-00C04F79EFBC}") = "AnimatedRBGColors", "AnimatedRBGColors\AnimatedRBGColors.csproj", "{CE4E3369-309D-48A3-AA53-4DFD9367B865}"
EndProject
Global
	GlobalSection(SolutionConfigurationPlatforms) = preSolution
		Debug|Any CPU = Debug|Any CPU
		Release|Any CPU = Release|Any CPU
	EndGlobalSection
	GlobalSection(ProjectConfigurationPlatforms) = postSolution
		{CE4E3369-309D-48A3-AA53-4DFD9367B865}.Debug|Any CPU.ActiveCfg = Debug|Any CPU
		{CE4E3369-309D-48A3-AA53-4DFD9367B865}.Debug|Any CPU.Build.0 = Debug|Any CPU
		{CE4E3369-309D-48A3-AA53-4DFD9367B865}.Release|Any CPU.ActiveCfg = Release|Any CPU
		{CE4E3369-309D-48A3-AA53-4DFD9367B865}.Release|Any CPU.Build.0 = Release|Any CPU
	EndGlobalSection
EndGlobal
