Microsoft Visual Studio Solution File, Format Version 12.00
# Visual Studio 14
VisualStudioVersion = 14.0.25420.1
MinimumVisualStudioVersion = 10.0.40219.1
Project("{FAE04EC0-301F-11D3-BF4B-00C04F79EFBC}") = "Scheduling.CustomDrawElements", "Scheduling.CustomDrawElements\CustomDrawElements.csproj", "{EB42912E-D9FF-481F-B651-2C79E28FA4EF}"
EndProject
Project("{FAE04EC0-301F-11D3-BF4B-00C04F79EFBC}") = "Scheduling.Effects", "Scheduling.Effects\Effects.csproj", "{5F0ED205-4D52-44CF-B889-08C9E6270A5B}"
EndProject
Project("{FAE04EC0-301F-11D3-BF4B-00C04F79EFBC}") = "Scheduling.Holidays", "Scheduling.Holidays\Holidays.csproj", "{D175BC7E-38DE-4474-B7FB-7DCFA0EB1709}"
EndProject
Project("{FAE04EC0-301F-11D3-BF4B-00C04F79EFBC}") = "Scheduling.MilestoneItems", "Scheduling.MilestoneItems\MilestoneItems.csproj", "{6D17F952-0BC7-4FB2-82B3-F3161F261C21}"
EndProject
Project("{FAE04EC0-301F-11D3-BF4B-00C04F79EFBC}") = "Scheduling.Recurrence", "Scheduling.Recurrence\Recurrence.csproj", "{96A049EF-CF8B-42F4-9B13-3B2A670A4187}"
EndProject
Project("{FAE04EC0-301F-11D3-BF4B-00C04F79EFBC}") = "Scheduling.ResourceView", "Scheduling.ResourceView\ResourceView.csproj", "{AFFC4E0D-21B0-4422-A943-46D68A3F5EC4}"
EndProject
Project("{FAE04EC0-301F-11D3-BF4B-00C04F79EFBC}") = "Scheduling.Zones", "Scheduling.Zones\Zones.csproj", "{6FFCC61F-EF21-4B04-BB3D-94120FDDFA44}"
EndProject
Project("{FAE04EC0-301F-11D3-BF4B-00C04F79EFBC}") = "Scheduling.ListView", "Scheduling.ListView\ListView.csproj", "{F37335A0-9310-493E-8E7F-8EBBA3D2C782}"
EndProject
Global
	GlobalSection(SolutionConfigurationPlatforms) = preSolution
		Debug|Any CPU = Debug|Any CPU
		Debug|ARM = Debug|ARM
		Debug|x64 = Debug|x64
		Debug|x86 = Debug|x86
		Release|Any CPU = Release|Any CPU
		Release|ARM = Release|ARM
		Release|x64 = Release|x64
		Release|x86 = Release|x86
	EndGlobalSection
	GlobalSection(ProjectConfigurationPlatforms) = postSolution
		{EB42912E-D9FF-481F-B651-2C79E28FA4EF}.Debug|Any CPU.ActiveCfg = Debug|x86
		{EB42912E-D9FF-481F-B651-2C79E28FA4EF}.Debug|Any CPU.Build.0 = Debug|x86
		{EB42912E-D9FF-481F-B651-2C79E28FA4EF}.Debug|Any CPU.Deploy.0 = Debug|x86
		{EB42912E-D9FF-481F-B651-2C79E28FA4EF}.Debug|ARM.ActiveCfg = Debug|ARM
		{EB42912E-D9FF-481F-B651-2C79E28FA4EF}.Debug|ARM.Build.0 = Debug|ARM
		{EB42912E-D9FF-481F-B651-2C79E28FA4EF}.Debug|ARM.Deploy.0 = Debug|ARM
		{EB42912E-D9FF-481F-B651-2C79E28FA4EF}.Debug|x64.ActiveCfg = Debug|x64
		{EB42912E-D9FF-481F-B651-2C79E28FA4EF}.Debug|x64.Build.0 = Debug|x64
		{EB42912E-D9FF-481F-B651-2C79E28FA4EF}.Debug|x64.Deploy.0 = Debug|x64
		{EB42912E-D9FF-481F-B651-2C79E28FA4EF}.Debug|x86.ActiveCfg = Debug|x86
		{EB42912E-D9FF-481F-B651-2C79E28FA4EF}.Debug|x86.Build.0 = Debug|x86
		{EB42912E-D9FF-481F-B651-2C79E28FA4EF}.Debug|x86.Deploy.0 = Debug|x86
		{EB42912E-D9FF-481F-B651-2C79E28FA4EF}.Release|Any CPU.ActiveCfg = Release|x86
		{EB42912E-D9FF-481F-B651-2C79E28FA4EF}.Release|Any CPU.Build.0 = Release|x86
		{EB42912E-D9FF-481F-B651-2C79E28FA4EF}.Release|ARM.ActiveCfg = Release|ARM
		{EB42912E-D9FF-481F-B651-2C79E28FA4EF}.Release|ARM.Build.0 = Release|ARM
		{EB42912E-D9FF-481F-B651-2C79E28FA4EF}.Release|ARM.Deploy.0 = Release|ARM
		{EB42912E-D9FF-481F-B651-2C79E28FA4EF}.Release|x64.ActiveCfg = Release|x64
		{EB42912E-D9FF-481F-B651-2C79E28FA4EF}.Release|x64.Build.0 = Release|x64
		{EB42912E-D9FF-481F-B651-2C79E28FA4EF}.Release|x64.Deploy.0 = Release|x64
		{EB42912E-D9FF-481F-B651-2C79E28FA4EF}.Release|x86.ActiveCfg = Release|x86
		{EB42912E-D9FF-481F-B651-2C79E28FA4EF}.Release|x86.Build.0 = Release|x86
		{EB42912E-D9FF-481F-B651-2C79E28FA4EF}.Release|x86.Deploy.0 = Release|x86
		{5F0ED205-4D52-44CF-B889-08C9E6270A5B}.Debug|Any CPU.ActiveCfg = Debug|x86
		{5F0ED205-4D52-44CF-B889-08C9E6270A5B}.Debug|Any CPU.Build.0 = Debug|x86
		{5F0ED205-4D52-44CF-B889-08C9E6270A5B}.Debug|Any CPU.Deploy.0 = Debug|x86
		{5F0ED205-4D52-44CF-B889-08C9E6270A5B}.Debug|ARM.ActiveCfg = Debug|ARM
		{5F0ED205-4D52-44CF-B889-08C9E6270A5B}.Debug|ARM.Build.0 = Debug|ARM
		{5F0ED205-4D52-44CF-B889-08C9E6270A5B}.Debug|ARM.Deploy.0 = Debug|ARM
		{5F0ED205-4D52-44CF-B889-08C9E6270A5B}.Debug|x64.ActiveCfg = Debug|x64
		{5F0ED205-4D52-44CF-B889-08C9E6270A5B}.Debug|x64.Build.0 = Debug|x64
		{5F0ED205-4D52-44CF-B889-08C9E6270A5B}.Debug|x64.Deploy.0 = Debug|x64
		{5F0ED205-4D52-44CF-B889-08C9E6270A5B}.Debug|x86.ActiveCfg = Debug|x86
		{5F0ED205-4D52-44CF-B889-08C9E6270A5B}.Debug|x86.Build.0 = Debug|x86
		{5F0ED205-4D52-44CF-B889-08C9E6270A5B}.Debug|x86.Deploy.0 = Debug|x86
		{5F0ED205-4D52-44CF-B889-08C9E6270A5B}.Release|Any CPU.ActiveCfg = Release|x86
		{5F0ED205-4D52-44CF-B889-08C9E6270A5B}.Release|Any CPU.Build.0 = Release|x86
		{5F0ED205-4D52-44CF-B889-08C9E6270A5B}.Release|ARM.ActiveCfg = Release|ARM
		{5F0ED205-4D52-44CF-B889-08C9E6270A5B}.Release|ARM.Build.0 = Release|ARM
		{5F0ED205-4D52-44CF-B889-08C9E6270A5B}.Release|ARM.Deploy.0 = Release|ARM
		{5F0ED205-4D52-44CF-B889-08C9E6270A5B}.Release|x64.ActiveCfg = Release|x64
		{5F0ED205-4D52-44CF-B889-08C9E6270A5B}.Release|x64.Build.0 = Release|x64
		{5F0ED205-4D52-44CF-B889-08C9E6270A5B}.Release|x64.Deploy.0 = Release|x64
		{5F0ED205-4D52-44CF-B889-08C9E6270A5B}.Release|x86.ActiveCfg = Release|x86
		{5F0ED205-4D52-44CF-B889-08C9E6270A5B}.Release|x86.Build.0 = Release|x86
		{5F0ED205-4D52-44CF-B889-08C9E6270A5B}.Release|x86.Deploy.0 = Release|x86
		{D175BC7E-38DE-4474-B7FB-7DCFA0EB1709}.Debug|Any CPU.ActiveCfg = Debug|x86
		{D175BC7E-38DE-4474-B7FB-7DCFA0EB1709}.Debug|Any CPU.Build.0 = Debug|x86
		{D175BC7E-38DE-4474-B7FB-7DCFA0EB1709}.Debug|Any CPU.Deploy.0 = Debug|x86
		{D175BC7E-38DE-4474-B7FB-7DCFA0EB1709}.Debug|ARM.ActiveCfg = Debug|ARM
		{D175BC7E-38DE-4474-B7FB-7DCFA0EB1709}.Debug|ARM.Build.0 = Debug|ARM
		{D175BC7E-38DE-4474-B7FB-7DCFA0EB1709}.Debug|ARM.Deploy.0 = Debug|ARM
		{D175BC7E-38DE-4474-B7FB-7DCFA0EB1709}.Debug|x64.ActiveCfg = Debug|x64
		{D175BC7E-38DE-4474-B7FB-7DCFA0EB1709}.Debug|x64.Build.0 = Debug|x64
		{D175BC7E-38DE-4474-B7FB-7DCFA0EB1709}.Debug|x64.Deploy.0 = Debug|x64
		{D175BC7E-38DE-4474-B7FB-7DCFA0EB1709}.Debug|x86.ActiveCfg = Debug|x86
		{D175BC7E-38DE-4474-B7FB-7DCFA0EB1709}.Debug|x86.Build.0 = Debug|x86
		{D175BC7E-38DE-4474-B7FB-7DCFA0EB1709}.Debug|x86.Deploy.0 = Debug|x86
		{D175BC7E-38DE-4474-B7FB-7DCFA0EB1709}.Release|Any CPU.ActiveCfg = Release|x86
		{D175BC7E-38DE-4474-B7FB-7DCFA0EB1709}.Release|Any CPU.Build.0 = Release|x86
		{D175BC7E-38DE-4474-B7FB-7DCFA0EB1709}.Release|ARM.ActiveCfg = Release|ARM
		{D175BC7E-38DE-4474-B7FB-7DCFA0EB1709}.Release|ARM.Build.0 = Release|ARM
		{D175BC7E-38DE-4474-B7FB-7DCFA0EB1709}.Release|ARM.Deploy.0 = Release|ARM
		{D175BC7E-38DE-4474-B7FB-7DCFA0EB1709}.Release|x64.ActiveCfg = Release|x64
		{D175BC7E-38DE-4474-B7FB-7DCFA0EB1709}.Release|x64.Build.0 = Release|x64
		{D175BC7E-38DE-4474-B7FB-7DCFA0EB1709}.Release|x64.Deploy.0 = Release|x64
		{D175BC7E-38DE-4474-B7FB-7DCFA0EB1709}.Release|x86.ActiveCfg = Release|x86
		{D175BC7E-38DE-4474-B7FB-7DCFA0EB1709}.Release|x86.Build.0 = Release|x86
		{D175BC7E-38DE-4474-B7FB-7DCFA0EB1709}.Release|x86.Deploy.0 = Release|x86
		{6D17F952-0BC7-4FB2-82B3-F3161F261C21}.Debug|Any CPU.ActiveCfg = Debug|x86
		{6D17F952-0BC7-4FB2-82B3-F3161F261C21}.Debug|Any CPU.Build.0 = Debug|x86
		{6D17F952-0BC7-4FB2-82B3-F3161F261C21}.Debug|Any CPU.Deploy.0 = Debug|x86
		{6D17F952-0BC7-4FB2-82B3-F3161F261C21}.Debug|ARM.ActiveCfg = Debug|ARM
		{6D17F952-0BC7-4FB2-82B3-F3161F261C21}.Debug|ARM.Build.0 = Debug|ARM
		{6D17F952-0BC7-4FB2-82B3-F3161F261C21}.Debug|ARM.Deploy.0 = Debug|ARM
		{6D17F952-0BC7-4FB2-82B3-F3161F261C21}.Debug|x64.ActiveCfg = Debug|x64
		{6D17F952-0BC7-4FB2-82B3-F3161F261C21}.Debug|x64.Build.0 = Debug|x64
		{6D17F952-0BC7-4FB2-82B3-F3161F261C21}.Debug|x64.Deploy.0 = Debug|x64
		{6D17F952-0BC7-4FB2-82B3-F3161F261C21}.Debug|x86.ActiveCfg = Debug|x86
		{6D17F952-0BC7-4FB2-82B3-F3161F261C21}.Debug|x86.Build.0 = Debug|x86
		{6D17F952-0BC7-4FB2-82B3-F3161F261C21}.Debug|x86.Deploy.0 = Debug|x86
		{6D17F952-0BC7-4FB2-82B3-F3161F261C21}.Release|Any CPU.ActiveCfg = Release|x86
		{6D17F952-0BC7-4FB2-82B3-F3161F261C21}.Release|Any CPU.Build.0 = Release|x86
		{6D17F952-0BC7-4FB2-82B3-F3161F261C21}.Release|ARM.ActiveCfg = Release|ARM
		{6D17F952-0BC7-4FB2-82B3-F3161F261C21}.Release|ARM.Build.0 = Release|ARM
		{6D17F952-0BC7-4FB2-82B3-F3161F261C21}.Release|ARM.Deploy.0 = Release|ARM
		{6D17F952-0BC7-4FB2-82B3-F3161F261C21}.Release|x64.ActiveCfg = Release|x64
		{6D17F952-0BC7-4FB2-82B3-F3161F261C21}.Release|x64.Build.0 = Release|x64
		{6D17F952-0BC7-4FB2-82B3-F3161F261C21}.Release|x64.Deploy.0 = Release|x64
		{6D17F952-0BC7-4FB2-82B3-F3161F261C21}.Release|x86.ActiveCfg = Release|x86
		{6D17F952-0BC7-4FB2-82B3-F3161F261C21}.Release|x86.Build.0 = Release|x86
		{6D17F952-0BC7-4FB2-82B3-F3161F261C21}.Release|x86.Deploy.0 = Release|x86
		{96A049EF-CF8B-42F4-9B13-3B2A670A4187}.Debug|Any CPU.ActiveCfg = Debug|x86
		{96A049EF-CF8B-42F4-9B13-3B2A670A4187}.Debug|Any CPU.Build.0 = Debug|x86
		{96A049EF-CF8B-42F4-9B13-3B2A670A4187}.Debug|Any CPU.Deploy.0 = Debug|x86
		{96A049EF-CF8B-42F4-9B13-3B2A670A4187}.Debug|ARM.ActiveCfg = Debug|ARM
		{96A049EF-CF8B-42F4-9B13-3B2A670A4187}.Debug|ARM.Build.0 = Debug|ARM
		{96A049EF-CF8B-42F4-9B13-3B2A670A4187}.Debug|ARM.Deploy.0 = Debug|ARM
		{96A049EF-CF8B-42F4-9B13-3B2A670A4187}.Debug|x64.ActiveCfg = Debug|x64
		{96A049EF-CF8B-42F4-9B13-3B2A670A4187}.Debug|x64.Build.0 = Debug|x64
		{96A049EF-CF8B-42F4-9B13-3B2A670A4187}.Debug|x64.Deploy.0 = Debug|x64
		{96A049EF-CF8B-42F4-9B13-3B2A670A4187}.Debug|x86.ActiveCfg = Debug|x86
		{96A049EF-CF8B-42F4-9B13-3B2A670A4187}.Debug|x86.Build.0 = Debug|x86
		{96A049EF-CF8B-42F4-9B13-3B2A670A4187}.Debug|x86.Deploy.0 = Debug|x86
		{96A049EF-CF8B-42F4-9B13-3B2A670A4187}.Release|Any CPU.ActiveCfg = Release|x86
		{96A049EF-CF8B-42F4-9B13-3B2A670A4187}.Release|Any CPU.Build.0 = Release|x86
		{96A049EF-CF8B-42F4-9B13-3B2A670A4187}.Release|ARM.ActiveCfg = Release|ARM
		{96A049EF-CF8B-42F4-9B13-3B2A670A4187}.Release|ARM.Build.0 = Release|ARM
		{96A049EF-CF8B-42F4-9B13-3B2A670A4187}.Release|ARM.Deploy.0 = Release|ARM
		{96A049EF-CF8B-42F4-9B13-3B2A670A4187}.Release|x64.ActiveCfg = Release|x64
		{96A049EF-CF8B-42F4-9B13-3B2A670A4187}.Release|x64.Build.0 = Release|x64
		{96A049EF-CF8B-42F4-9B13-3B2A670A4187}.Release|x64.Deploy.0 = Release|x64
		{96A049EF-CF8B-42F4-9B13-3B2A670A4187}.Release|x86.ActiveCfg = Release|x86
		{96A049EF-CF8B-42F4-9B13-3B2A670A4187}.Release|x86.Build.0 = Release|x86
		{96A049EF-CF8B-42F4-9B13-3B2A670A4187}.Release|x86.Deploy.0 = Release|x86
		{AFFC4E0D-21B0-4422-A943-46D68A3F5EC4}.Debug|Any CPU.ActiveCfg = Debug|x86
		{AFFC4E0D-21B0-4422-A943-46D68A3F5EC4}.Debug|Any CPU.Build.0 = Debug|x86
		{AFFC4E0D-21B0-4422-A943-46D68A3F5EC4}.Debug|Any CPU.Deploy.0 = Debug|x86
		{AFFC4E0D-21B0-4422-A943-46D68A3F5EC4}.Debug|ARM.ActiveCfg = Debug|ARM
		{AFFC4E0D-21B0-4422-A943-46D68A3F5EC4}.Debug|ARM.Build.0 = Debug|ARM
		{AFFC4E0D-21B0-4422-A943-46D68A3F5EC4}.Debug|ARM.Deploy.0 = Debug|ARM
		{AFFC4E0D-21B0-4422-A943-46D68A3F5EC4}.Debug|x64.ActiveCfg = Debug|x64
		{AFFC4E0D-21B0-4422-A943-46D68A3F5EC4}.Debug|x64.Build.0 = Debug|x64
		{AFFC4E0D-21B0-4422-A943-46D68A3F5EC4}.Debug|x64.Deploy.0 = Debug|x64
		{AFFC4E0D-21B0-4422-A943-46D68A3F5EC4}.Debug|x86.ActiveCfg = Debug|x86
		{AFFC4E0D-21B0-4422-A943-46D68A3F5EC4}.Debug|x86.Build.0 = Debug|x86
		{AFFC4E0D-21B0-4422-A943-46D68A3F5EC4}.Debug|x86.Deploy.0 = Debug|x86
		{AFFC4E0D-21B0-4422-A943-46D68A3F5EC4}.Release|Any CPU.ActiveCfg = Release|x86
		{AFFC4E0D-21B0-4422-A943-46D68A3F5EC4}.Release|Any CPU.Build.0 = Release|x86
		{AFFC4E0D-21B0-4422-A943-46D68A3F5EC4}.Release|ARM.ActiveCfg = Release|ARM
		{AFFC4E0D-21B0-4422-A943-46D68A3F5EC4}.Release|ARM.Build.0 = Release|ARM
		{AFFC4E0D-21B0-4422-A943-46D68A3F5EC4}.Release|ARM.Deploy.0 = Release|ARM
		{AFFC4E0D-21B0-4422-A943-46D68A3F5EC4}.Release|x64.ActiveCfg = Release|x64
		{AFFC4E0D-21B0-4422-A943-46D68A3F5EC4}.Release|x64.Build.0 = Release|x64
		{AFFC4E0D-21B0-4422-A943-46D68A3F5EC4}.Release|x64.Deploy.0 = Release|x64
		{AFFC4E0D-21B0-4422-A943-46D68A3F5EC4}.Release|x86.ActiveCfg = Release|x86
		{AFFC4E0D-21B0-4422-A943-46D68A3F5EC4}.Release|x86.Build.0 = Release|x86
		{AFFC4E0D-21B0-4422-A943-46D68A3F5EC4}.Release|x86.Deploy.0 = Release|x86
		{6FFCC61F-EF21-4B04-BB3D-94120FDDFA44}.Debug|Any CPU.ActiveCfg = Debug|x86
		{6FFCC61F-EF21-4B04-BB3D-94120FDDFA44}.Debug|Any CPU.Build.0 = Debug|x86
		{6FFCC61F-EF21-4B04-BB3D-94120FDDFA44}.Debug|Any CPU.Deploy.0 = Debug|x86
		{6FFCC61F-EF21-4B04-BB3D-94120FDDFA44}.Debug|ARM.ActiveCfg = Debug|ARM
		{6FFCC61F-EF21-4B04-BB3D-94120FDDFA44}.Debug|ARM.Build.0 = Debug|ARM
		{6FFCC61F-EF21-4B04-BB3D-94120FDDFA44}.Debug|ARM.Deploy.0 = Debug|ARM
		{6FFCC61F-EF21-4B04-BB3D-94120FDDFA44}.Debug|x64.ActiveCfg = Debug|x64
		{6FFCC61F-EF21-4B04-BB3D-94120FDDFA44}.Debug|x64.Build.0 = Debug|x64
		{6FFCC61F-EF21-4B04-BB3D-94120FDDFA44}.Debug|x64.Deploy.0 = Debug|x64
		{6FFCC61F-EF21-4B04-BB3D-94120FDDFA44}.Debug|x86.ActiveCfg = Debug|x86
		{6FFCC61F-EF21-4B04-BB3D-94120FDDFA44}.Debug|x86.Build.0 = Debug|x86
		{6FFCC61F-EF21-4B04-BB3D-94120FDDFA44}.Debug|x86.Deploy.0 = Debug|x86
		{6FFCC61F-EF21-4B04-BB3D-94120FDDFA44}.Release|Any CPU.ActiveCfg = Release|x86
		{6FFCC61F-EF21-4B04-BB3D-94120FDDFA44}.Release|Any CPU.Build.0 = Release|x86
		{6FFCC61F-EF21-4B04-BB3D-94120FDDFA44}.Release|ARM.ActiveCfg = Release|ARM
		{6FFCC61F-EF21-4B04-BB3D-94120FDDFA44}.Release|ARM.Build.0 = Release|ARM
		{6FFCC61F-EF21-4B04-BB3D-94120FDDFA44}.Release|ARM.Deploy.0 = Release|ARM
		{6FFCC61F-EF21-4B04-BB3D-94120FDDFA44}.Release|x64.ActiveCfg = Release|x64
		{6FFCC61F-EF21-4B04-BB3D-94120FDDFA44}.Release|x64.Build.0 = Release|x64
		{6FFCC61F-EF21-4B04-BB3D-94120FDDFA44}.Release|x64.Deploy.0 = Release|x64
		{6FFCC61F-EF21-4B04-BB3D-94120FDDFA44}.Release|x86.ActiveCfg = Release|x86
		{6FFCC61F-EF21-4B04-BB3D-94120FDDFA44}.Release|x86.Build.0 = Release|x86
		{6FFCC61F-EF21-4B04-BB3D-94120FDDFA44}.Release|x86.Deploy.0 = Release|x86
		{F37335A0-9310-493E-8E7F-8EBBA3D2C782}.Debug|Any CPU.ActiveCfg = Debug|x86
		{F37335A0-9310-493E-8E7F-8EBBA3D2C782}.Debug|Any CPU.Build.0 = Debug|x86
		{F37335A0-9310-493E-8E7F-8EBBA3D2C782}.Debug|Any CPU.Deploy.0 = Debug|x86
		{F37335A0-9310-493E-8E7F-8EBBA3D2C782}.Debug|ARM.ActiveCfg = Debug|ARM
		{F37335A0-9310-493E-8E7F-8EBBA3D2C782}.Debug|ARM.Build.0 = Debug|ARM
		{F37335A0-9310-493E-8E7F-8EBBA3D2C782}.Debug|ARM.Deploy.0 = Debug|ARM
		{F37335A0-9310-493E-8E7F-8EBBA3D2C782}.Debug|x64.ActiveCfg = Debug|x64
		{F37335A0-9310-493E-8E7F-8EBBA3D2C782}.Debug|x64.Build.0 = Debug|x64
		{F37335A0-9310-493E-8E7F-8EBBA3D2C782}.Debug|x64.Deploy.0 = Debug|x64
		{F37335A0-9310-493E-8E7F-8EBBA3D2C782}.Debug|x86.ActiveCfg = Debug|x86
		{F37335A0-9310-493E-8E7F-8EBBA3D2C782}.Debug|x86.Build.0 = Debug|x86
		{F37335A0-9310-493E-8E7F-8EBBA3D2C782}.Debug|x86.Deploy.0 = Debug|x86
		{F37335A0-9310-493E-8E7F-8EBBA3D2C782}.Release|Any CPU.ActiveCfg = Release|x86
		{F37335A0-9310-493E-8E7F-8EBBA3D2C782}.Release|ARM.ActiveCfg = Release|ARM
		{F37335A0-9310-493E-8E7F-8EBBA3D2C782}.Release|ARM.Build.0 = Release|ARM
		{F37335A0-9310-493E-8E7F-8EBBA3D2C782}.Release|ARM.Deploy.0 = Release|ARM
		{F37335A0-9310-493E-8E7F-8EBBA3D2C782}.Release|x64.ActiveCfg = Release|x64
		{F37335A0-9310-493E-8E7F-8EBBA3D2C782}.Release|x64.Build.0 = Release|x64
		{F37335A0-9310-493E-8E7F-8EBBA3D2C782}.Release|x64.Deploy.0 = Release|x64
		{F37335A0-9310-493E-8E7F-8EBBA3D2C782}.Release|x86.ActiveCfg = Release|x86
		{F37335A0-9310-493E-8E7F-8EBBA3D2C782}.Release|x86.Build.0 = Release|x86
		{F37335A0-9310-493E-8E7F-8EBBA3D2C782}.Release|x86.Deploy.0 = Release|x86
	EndGlobalSection
	GlobalSection(SolutionProperties) = preSolution
		HideSolutionNode = FALSE
	EndGlobalSection
	GlobalSection(MonoDevelopProperties) = preSolution
		Policies = $0
		$0.DotNetNamingPolicy = $1
		$1.DirectoryNamespaceAssociation = None
		$1.ResourceNamePolicy = FileFormatDefault
		$0.TextStylePolicy = $2
		$2.FileWidth = 120
		$2.TabsToSpaces = False
		$2.inheritsSet = VisualStudio
		$2.inheritsScope = text/plain
		$2.scope = text/x-csharp
		$0.CSharpFormattingPolicy = $3
		$3.IndentSwitchSection = True
		$3.NewLinesForBracesInProperties = True
		$3.NewLinesForBracesInAccessors = True
		$3.NewLinesForBracesInAnonymousMethods = True
		$3.NewLinesForBracesInControlBlocks = True
		$3.NewLinesForBracesInAnonymousTypes = True
		$3.NewLinesForBracesInObjectCollectionArrayInitializers = True
		$3.NewLinesForBracesInLambdaExpressionBody = True
		$3.NewLineForElse = True
		$3.NewLineForCatch = True
		$3.NewLineForFinally = True
		$3.NewLineForMembersInObjectInit = True
		$3.NewLineForMembersInAnonymousTypes = True
		$3.NewLineForClausesInQuery = True
		$3.SpacingAfterMethodDeclarationName = False
		$3.SpaceAfterMethodCallName = False
		$3.SpaceBeforeOpenSquareBracket = False
		$3.inheritsSet = Mono
		$3.inheritsScope = text/x-csharp
		$3.scope = text/x-csharp
	EndGlobalSection
EndGlobal
