
Microsoft Visual Studio Solution File, Format Version 11.00
# Visual Studio 2010
Project("{FAE04EC0-301F-11D3-BF4B-00C04F79EFBC}") = "Ejemplo_Calculadora", "Ejemplo_Calculadora\Ejemplo_Calculadora.csproj", "{2D0EBC3D-3379-45C0-8437-9CBAD473B127}"
EndProject
Global
	GlobalSection(SolutionConfigurationPlatforms) = preSolution
		Debug|Any CPU = Debug|Any CPU
		Release|Any CPU = Release|Any CPU
	EndGlobalSection
	GlobalSection(ProjectConfigurationPlatforms) = postSolution
		{2D0EBC3D-3379-45C0-8437-9CBAD473B127}.Debug|Any CPU.ActiveCfg = Debug|Any CPU
		{2D0EBC3D-3379-45C0-8437-9CBAD473B127}.Debug|Any CPU.Build.0 = Debug|Any CPU
		{2D0EBC3D-3379-45C0-8437-9CBAD473B127}.Release|Any CPU.ActiveCfg = Release|Any CPU
		{2D0EBC3D-3379-45C0-8437-9CBAD473B127}.Release|Any CPU.Build.0 = Release|Any CPU
	EndGlobalSection
	GlobalSection(MonoDevelopProperties) = preSolution
		StartupItem = Ejemplo_Calculadora\Ejemplo_Calculadora.csproj
	EndGlobalSection
EndGlobal
