
Microsoft Visual Studio Solution File, Format Version 12.00
# Visual Studio 14
VisualStudioVersion = 14.0.25123.0
MinimumVisualStudioVersion = 10.0.40219.1
Project("{FAE04EC0-301F-11D3-BF4B-00C04F79EFBC}") = "Video.Droid", "Video\Video.Droid\Video.Droid.csproj", "{C58A10FE-6413-4272-B58C-5761DDFAF602}"
EndProject
Project("{FAE04EC0-301F-11D3-BF4B-00C04F79EFBC}") = "Video.iOS", "Video\Video.iOS\Video.iOS.csproj", "{06FE229F-FBC5-4D78-BF87-72DC1888E18F}"
EndProject
Project("{FAE04EC0-301F-11D3-BF4B-00C04F79EFBC}") = "Video.WinPhone", "Video\Video.WinPhone\Video.WinPhone.csproj", "{A893EA41-4D26-4DBE-8E68-0892CF0044C6}"
EndProject
Global
	GlobalSection(SolutionConfigurationPlatforms) = preSolution
		AppStore|Any CPU = AppStore|Any CPU
		AppStore|ARM = AppStore|ARM
		AppStore|iPhone = AppStore|iPhone
		AppStore|iPhoneSimulator = AppStore|iPhoneSimulator
		AppStore|x86 = AppStore|x86
		Debug|Any CPU = Debug|Any CPU
		Debug|ARM = Debug|ARM
		Debug|iPhone = Debug|iPhone
		Debug|iPhoneSimulator = Debug|iPhoneSimulator
		Debug|x86 = Debug|x86
		Release|Any CPU = Release|Any CPU
		Release|ARM = Release|ARM
		Release|iPhone = Release|iPhone
		Release|iPhoneSimulator = Release|iPhoneSimulator
		Release|x86 = Release|x86
	EndGlobalSection
	GlobalSection(ProjectConfigurationPlatforms) = postSolution
		{C58A10FE-6413-4272-B58C-5761DDFAF602}.AppStore|Any CPU.ActiveCfg = Release|Any CPU
		{C58A10FE-6413-4272-B58C-5761DDFAF602}.AppStore|Any CPU.Build.0 = Release|Any CPU
		{C58A10FE-6413-4272-B58C-5761DDFAF602}.AppStore|Any CPU.Deploy.0 = Release|Any CPU
		{C58A10FE-6413-4272-B58C-5761DDFAF602}.AppStore|ARM.ActiveCfg = Release|Any CPU
		{C58A10FE-6413-4272-B58C-5761DDFAF602}.AppStore|ARM.Build.0 = Release|Any CPU
		{C58A10FE-6413-4272-B58C-5761DDFAF602}.AppStore|ARM.Deploy.0 = Release|Any CPU
		{C58A10FE-6413-4272-B58C-5761DDFAF602}.AppStore|iPhone.ActiveCfg = Release|Any CPU
		{C58A10FE-6413-4272-B58C-5761DDFAF602}.AppStore|iPhone.Build.0 = Release|Any CPU
		{C58A10FE-6413-4272-B58C-5761DDFAF602}.AppStore|iPhone.Deploy.0 = Release|Any CPU
		{C58A10FE-6413-4272-B58C-5761DDFAF602}.AppStore|iPhoneSimulator.ActiveCfg = Release|Any CPU
		{C58A10FE-6413-4272-B58C-5761DDFAF602}.AppStore|iPhoneSimulator.Build.0 = Release|Any CPU
		{C58A10FE-6413-4272-B58C-5761DDFAF602}.AppStore|iPhoneSimulator.Deploy.0 = Release|Any CPU
		{C58A10FE-6413-4272-B58C-5761DDFAF602}.AppStore|x86.ActiveCfg = Release|Any CPU
		{C58A10FE-6413-4272-B58C-5761DDFAF602}.AppStore|x86.Build.0 = Release|Any CPU
		{C58A10FE-6413-4272-B58C-5761DDFAF602}.AppStore|x86.Deploy.0 = Release|Any CPU
		{C58A10FE-6413-4272-B58C-5761DDFAF602}.Debug|Any CPU.ActiveCfg = Debug|Any CPU
		{C58A10FE-6413-4272-B58C-5761DDFAF602}.Debug|Any CPU.Build.0 = Debug|Any CPU
		{C58A10FE-6413-4272-B58C-5761DDFAF602}.Debug|Any CPU.Deploy.0 = Debug|Any CPU
		{C58A10FE-6413-4272-B58C-5761DDFAF602}.Debug|ARM.ActiveCfg = Debug|Any CPU
		{C58A10FE-6413-4272-B58C-5761DDFAF602}.Debug|ARM.Build.0 = Debug|Any CPU
		{C58A10FE-6413-4272-B58C-5761DDFAF602}.Debug|ARM.Deploy.0 = Debug|Any CPU
		{C58A10FE-6413-4272-B58C-5761DDFAF602}.Debug|iPhone.ActiveCfg = Debug|Any CPU
		{C58A10FE-6413-4272-B58C-5761DDFAF602}.Debug|iPhone.Build.0 = Debug|Any CPU
		{C58A10FE-6413-4272-B58C-5761DDFAF602}.Debug|iPhone.Deploy.0 = Debug|Any CPU
		{C58A10FE-6413-4272-B58C-5761DDFAF602}.Debug|iPhoneSimulator.ActiveCfg = Debug|Any CPU
		{C58A10FE-6413-4272-B58C-5761DDFAF602}.Debug|iPhoneSimulator.Build.0 = Debug|Any CPU
		{C58A10FE-6413-4272-B58C-5761DDFAF602}.Debug|iPhoneSimulator.Deploy.0 = Debug|Any CPU
		{C58A10FE-6413-4272-B58C-5761DDFAF602}.Debug|x86.ActiveCfg = Debug|Any CPU
		{C58A10FE-6413-4272-B58C-5761DDFAF602}.Debug|x86.Build.0 = Debug|Any CPU
		{C58A10FE-6413-4272-B58C-5761DDFAF602}.Debug|x86.Deploy.0 = Debug|Any CPU
		{C58A10FE-6413-4272-B58C-5761DDFAF602}.Release|Any CPU.ActiveCfg = Release|Any CPU
		{C58A10FE-6413-4272-B58C-5761DDFAF602}.Release|Any CPU.Build.0 = Release|Any CPU
		{C58A10FE-6413-4272-B58C-5761DDFAF602}.Release|Any CPU.Deploy.0 = Release|Any CPU
		{C58A10FE-6413-4272-B58C-5761DDFAF602}.Release|ARM.ActiveCfg = Release|Any CPU
		{C58A10FE-6413-4272-B58C-5761DDFAF602}.Release|ARM.Build.0 = Release|Any CPU
		{C58A10FE-6413-4272-B58C-5761DDFAF602}.Release|ARM.Deploy.0 = Release|Any CPU
		{C58A10FE-6413-4272-B58C-5761DDFAF602}.Release|iPhone.ActiveCfg = Release|Any CPU
		{C58A10FE-6413-4272-B58C-5761DDFAF602}.Release|iPhone.Build.0 = Release|Any CPU
		{C58A10FE-6413-4272-B58C-5761DDFAF602}.Release|iPhone.Deploy.0 = Release|Any CPU
		{C58A10FE-6413-4272-B58C-5761DDFAF602}.Release|iPhoneSimulator.ActiveCfg = Release|Any CPU
		{C58A10FE-6413-4272-B58C-5761DDFAF602}.Release|iPhoneSimulator.Build.0 = Release|Any CPU
		{C58A10FE-6413-4272-B58C-5761DDFAF602}.Release|iPhoneSimulator.Deploy.0 = Release|Any CPU
		{C58A10FE-6413-4272-B58C-5761DDFAF602}.Release|x86.ActiveCfg = Release|Any CPU
		{C58A10FE-6413-4272-B58C-5761DDFAF602}.Release|x86.Build.0 = Release|Any CPU
		{C58A10FE-6413-4272-B58C-5761DDFAF602}.Release|x86.Deploy.0 = Release|Any CPU
		{06FE229F-FBC5-4D78-BF87-72DC1888E18F}.AppStore|Any CPU.ActiveCfg = AppStore|iPhone
		{06FE229F-FBC5-4D78-BF87-72DC1888E18F}.AppStore|ARM.ActiveCfg = AppStore|iPhone
		{06FE229F-FBC5-4D78-BF87-72DC1888E18F}.AppStore|iPhone.ActiveCfg = AppStore|iPhone
		{06FE229F-FBC5-4D78-BF87-72DC1888E18F}.AppStore|iPhone.Build.0 = AppStore|iPhone
		{06FE229F-FBC5-4D78-BF87-72DC1888E18F}.AppStore|iPhoneSimulator.ActiveCfg = AppStore|iPhoneSimulator
		{06FE229F-FBC5-4D78-BF87-72DC1888E18F}.AppStore|iPhoneSimulator.Build.0 = AppStore|iPhoneSimulator
		{06FE229F-FBC5-4D78-BF87-72DC1888E18F}.AppStore|x86.ActiveCfg = AppStore|iPhone
		{06FE229F-FBC5-4D78-BF87-72DC1888E18F}.Debug|Any CPU.ActiveCfg = Debug|iPhone
		{06FE229F-FBC5-4D78-BF87-72DC1888E18F}.Debug|ARM.ActiveCfg = Debug|iPhone
		{06FE229F-FBC5-4D78-BF87-72DC1888E18F}.Debug|iPhone.ActiveCfg = Debug|iPhone
		{06FE229F-FBC5-4D78-BF87-72DC1888E18F}.Debug|iPhone.Build.0 = Debug|iPhone
		{06FE229F-FBC5-4D78-BF87-72DC1888E18F}.Debug|iPhoneSimulator.ActiveCfg = Debug|iPhoneSimulator
		{06FE229F-FBC5-4D78-BF87-72DC1888E18F}.Debug|iPhoneSimulator.Build.0 = Debug|iPhoneSimulator
		{06FE229F-FBC5-4D78-BF87-72DC1888E18F}.Debug|x86.ActiveCfg = Debug|iPhone
		{06FE229F-FBC5-4D78-BF87-72DC1888E18F}.Release|Any CPU.ActiveCfg = Release|iPhone
		{06FE229F-FBC5-4D78-BF87-72DC1888E18F}.Release|ARM.ActiveCfg = Release|iPhone
		{06FE229F-FBC5-4D78-BF87-72DC1888E18F}.Release|iPhone.ActiveCfg = Release|iPhone
		{06FE229F-FBC5-4D78-BF87-72DC1888E18F}.Release|iPhone.Build.0 = Release|iPhone
		{06FE229F-FBC5-4D78-BF87-72DC1888E18F}.Release|iPhoneSimulator.ActiveCfg = Release|iPhoneSimulator
		{06FE229F-FBC5-4D78-BF87-72DC1888E18F}.Release|iPhoneSimulator.Build.0 = Release|iPhoneSimulator
		{06FE229F-FBC5-4D78-BF87-72DC1888E18F}.Release|x86.ActiveCfg = Release|iPhone
		{A893EA41-4D26-4DBE-8E68-0892CF0044C6}.AppStore|Any CPU.ActiveCfg = Release|Any CPU
		{A893EA41-4D26-4DBE-8E68-0892CF0044C6}.AppStore|Any CPU.Build.0 = Release|Any CPU
		{A893EA41-4D26-4DBE-8E68-0892CF0044C6}.AppStore|Any CPU.Deploy.0 = Release|Any CPU
		{A893EA41-4D26-4DBE-8E68-0892CF0044C6}.AppStore|ARM.ActiveCfg = Release|ARM
		{A893EA41-4D26-4DBE-8E68-0892CF0044C6}.AppStore|ARM.Build.0 = Release|ARM
		{A893EA41-4D26-4DBE-8E68-0892CF0044C6}.AppStore|ARM.Deploy.0 = Release|ARM
		{A893EA41-4D26-4DBE-8E68-0892CF0044C6}.AppStore|iPhone.ActiveCfg = Release|Any CPU
		{A893EA41-4D26-4DBE-8E68-0892CF0044C6}.AppStore|iPhone.Build.0 = Release|Any CPU
		{A893EA41-4D26-4DBE-8E68-0892CF0044C6}.AppStore|iPhone.Deploy.0 = Release|Any CPU
		{A893EA41-4D26-4DBE-8E68-0892CF0044C6}.AppStore|iPhoneSimulator.ActiveCfg = Release|Any CPU
		{A893EA41-4D26-4DBE-8E68-0892CF0044C6}.AppStore|iPhoneSimulator.Build.0 = Release|Any CPU
		{A893EA41-4D26-4DBE-8E68-0892CF0044C6}.AppStore|iPhoneSimulator.Deploy.0 = Release|Any CPU
		{A893EA41-4D26-4DBE-8E68-0892CF0044C6}.AppStore|x86.ActiveCfg = Release|x86
		{A893EA41-4D26-4DBE-8E68-0892CF0044C6}.AppStore|x86.Build.0 = Release|x86
		{A893EA41-4D26-4DBE-8E68-0892CF0044C6}.AppStore|x86.Deploy.0 = Release|x86
		{A893EA41-4D26-4DBE-8E68-0892CF0044C6}.Debug|Any CPU.ActiveCfg = Debug|Any CPU
		{A893EA41-4D26-4DBE-8E68-0892CF0044C6}.Debug|Any CPU.Build.0 = Debug|Any CPU
		{A893EA41-4D26-4DBE-8E68-0892CF0044C6}.Debug|Any CPU.Deploy.0 = Debug|Any CPU
		{A893EA41-4D26-4DBE-8E68-0892CF0044C6}.Debug|ARM.ActiveCfg = Debug|ARM
		{A893EA41-4D26-4DBE-8E68-0892CF0044C6}.Debug|ARM.Build.0 = Debug|ARM
		{A893EA41-4D26-4DBE-8E68-0892CF0044C6}.Debug|ARM.Deploy.0 = Debug|ARM
		{A893EA41-4D26-4DBE-8E68-0892CF0044C6}.Debug|iPhone.ActiveCfg = Debug|Any CPU
		{A893EA41-4D26-4DBE-8E68-0892CF0044C6}.Debug|iPhone.Build.0 = Debug|Any CPU
		{A893EA41-4D26-4DBE-8E68-0892CF0044C6}.Debug|iPhone.Deploy.0 = Debug|Any CPU
		{A893EA41-4D26-4DBE-8E68-0892CF0044C6}.Debug|iPhoneSimulator.ActiveCfg = Debug|Any CPU
		{A893EA41-4D26-4DBE-8E68-0892CF0044C6}.Debug|iPhoneSimulator.Build.0 = Debug|Any CPU
		{A893EA41-4D26-4DBE-8E68-0892CF0044C6}.Debug|iPhoneSimulator.Deploy.0 = Debug|Any CPU
		{A893EA41-4D26-4DBE-8E68-0892CF0044C6}.Debug|x86.ActiveCfg = Debug|x86
		{A893EA41-4D26-4DBE-8E68-0892CF0044C6}.Debug|x86.Build.0 = Debug|x86
		{A893EA41-4D26-4DBE-8E68-0892CF0044C6}.Debug|x86.Deploy.0 = Debug|x86
		{A893EA41-4D26-4DBE-8E68-0892CF0044C6}.Release|Any CPU.ActiveCfg = Release|Any CPU
		{A893EA41-4D26-4DBE-8E68-0892CF0044C6}.Release|Any CPU.Build.0 = Release|Any CPU
		{A893EA41-4D26-4DBE-8E68-0892CF0044C6}.Release|Any CPU.Deploy.0 = Release|Any CPU
		{A893EA41-4D26-4DBE-8E68-0892CF0044C6}.Release|ARM.ActiveCfg = Release|ARM
		{A893EA41-4D26-4DBE-8E68-0892CF0044C6}.Release|ARM.Build.0 = Release|ARM
		{A893EA41-4D26-4DBE-8E68-0892CF0044C6}.Release|ARM.Deploy.0 = Release|ARM
		{A893EA41-4D26-4DBE-8E68-0892CF0044C6}.Release|iPhone.ActiveCfg = Release|Any CPU
		{A893EA41-4D26-4DBE-8E68-0892CF0044C6}.Release|iPhone.Build.0 = Release|Any CPU
		{A893EA41-4D26-4DBE-8E68-0892CF0044C6}.Release|iPhone.Deploy.0 = Release|Any CPU
		{A893EA41-4D26-4DBE-8E68-0892CF0044C6}.Release|iPhoneSimulator.ActiveCfg = Release|Any CPU
		{A893EA41-4D26-4DBE-8E68-0892CF0044C6}.Release|iPhoneSimulator.Build.0 = Release|Any CPU
		{A893EA41-4D26-4DBE-8E68-0892CF0044C6}.Release|iPhoneSimulator.Deploy.0 = Release|Any CPU
		{A893EA41-4D26-4DBE-8E68-0892CF0044C6}.Release|x86.ActiveCfg = Release|x86
		{A893EA41-4D26-4DBE-8E68-0892CF0044C6}.Release|x86.Build.0 = Release|x86
		{A893EA41-4D26-4DBE-8E68-0892CF0044C6}.Release|x86.Deploy.0 = Release|x86
	EndGlobalSection
	GlobalSection(SolutionProperties) = preSolution
		HideSolutionNode = FALSE
	EndGlobalSection
EndGlobal
