// !$*UTF8*$!
{
	archiveVersion = 1;
	classes = {
	};
	objectVersion = 46;
	objects = {

/* Begin PBXBuildFile section */
		1D26E54B1EE061E8001C7F87 /* ProfileViewController.swift in Sources */ = {isa = PBXBuildFile; fileRef = 1D26E54A1EE061E8001C7F87 /* ProfileViewController.swift */; };
		1D94915C1EDC7A060024DBAB /* AppDelegate.swift in Sources */ = {isa = PBXBuildFile; fileRef = 1D94915B1EDC7A060024DBAB /* AppDelegate.swift */; };
		1D94915E1EDC7A060024DBAB /* ViewController.swift in Sources */ = {isa = PBXBuildFile; fileRef = 1D94915D1EDC7A060024DBAB /* ViewController.swift */; };
		1D9491611EDC7A060024DBAB /* Main.storyboard in Resources */ = {isa = PBXBuildFile; fileRef = 1D94915F1EDC7A060024DBAB /* Main.storyboard */; };
		1D9491631EDC7A060024DBAB /* Assets.xcassets in Resources */ = {isa = PBXBuildFile; fileRef = 1D9491621EDC7A060024DBAB /* Assets.xcassets */; };
		1D9491661EDC7A060024DBAB /* LaunchScreen.storyboard in Resources */ = {isa = PBXBuildFile; fileRef = 1D9491641EDC7A060024DBAB /* LaunchScreen.storyboard */; };
		1D9491711EDC7A060024DBAB /* XcodeLoginExampleTests.swift in Sources */ = {isa = PBXBuildFile; fileRef = 1D9491701EDC7A060024DBAB /* XcodeLoginExampleTests.swift */; };
		1D94917C1EDC7A060024DBAB /* XcodeLoginExampleUITests.swift in Sources */ = {isa = PBXBuildFile; fileRef = 1D94917B1EDC7A060024DBAB /* XcodeLoginExampleUITests.swift */; };
		6E703813BFFCA4F151F01317 /* Pods_XcodeLoginExample.framework in Frameworks */ = {isa = PBXBuildFile; fileRef = A7CFD7CFF917029668D00BF2 /* Pods_XcodeLoginExample.framework */; };
/* End PBXBuildFile section */

/* Begin PBXContainerItemProxy section */
		1D94916D1EDC7A060024DBAB /* PBXContainerItemProxy */ = {
			isa = PBXContainerItemProxy;
			containerPortal = 1D9491501EDC7A060024DBAB /* Project object */;
			proxyType = 1;
			remoteGlobalIDString = 1D9491571EDC7A060024DBAB;
			remoteInfo = XcodeLoginExample;
		};
		1D9491781EDC7A060024DBAB /* PBXContainerItemProxy */ = {
			isa = PBXContainerItemProxy;
			containerPortal = 1D9491501EDC7A060024DBAB /* Project object */;
			proxyType = 1;
			remoteGlobalIDString = 1D9491571EDC7A060024DBAB;
			remoteInfo = XcodeLoginExample;
		};
/* End PBXContainerItemProxy section */

/* Begin PBXFileReference section */
		1D26E54A1EE061E8001C7F87 /* ProfileViewController.swift */ = {isa = PBXFileReference; fileEncoding = 4; lastKnownFileType = sourcecode.swift; path = ProfileViewController.swift; sourceTree = "<group>"; };
		1D9491581EDC7A060024DBAB /* XcodeLoginExample.app */ = {isa = PBXFileReference; explicitFileType = wrapper.application; includeInIndex = 0; path = XcodeLoginExample.app; sourceTree = BUILT_PRODUCTS_DIR; };
		1D94915B1EDC7A060024DBAB /* AppDelegate.swift */ = {isa = PBXFileReference; lastKnownFileType = sourcecode.swift; path = AppDelegate.swift; sourceTree = "<group>"; };
		1D94915D1EDC7A060024DBAB /* ViewController.swift */ = {isa = PBXFileReference; lastKnownFileType = sourcecode.swift; path = ViewController.swift; sourceTree = "<group>"; };
		1D9491601EDC7A060024DBAB /* Base */ = {isa = PBXFileReference; lastKnownFileType = file.storyboard; name = Base; path = Base.lproj/Main.storyboard; sourceTree = "<group>"; };
		1D9491621EDC7A060024DBAB /* Assets.xcassets */ = {isa = PBXFileReference; lastKnownFileType = folder.assetcatalog; path = Assets.xcassets; sourceTree = "<group>"; };
		1D9491651EDC7A060024DBAB /* Base */ = {isa = PBXFileReference; lastKnownFileType = file.storyboard; name = Base; path = Base.lproj/LaunchScreen.storyboard; sourceTree = "<group>"; };
		1D9491671EDC7A060024DBAB /* Info.plist */ = {isa = PBXFileReference; lastKnownFileType = text.plist.xml; path = Info.plist; sourceTree = "<group>"; };
		1D94916C1EDC7A060024DBAB /* XcodeLoginExampleTests.xctest */ = {isa = PBXFileReference; explicitFileType = wrapper.cfbundle; includeInIndex = 0; path = XcodeLoginExampleTests.xctest; sourceTree = BUILT_PRODUCTS_DIR; };
		1D9491701EDC7A060024DBAB /* XcodeLoginExampleTests.swift */ = {isa = PBXFileReference; lastKnownFileType = sourcecode.swift; path = XcodeLoginExampleTests.swift; sourceTree = "<group>"; };
		1D9491721EDC7A060024DBAB /* Info.plist */ = {isa = PBXFileReference; lastKnownFileType = text.plist.xml; path = Info.plist; sourceTree = "<group>"; };
		1D9491771EDC7A060024DBAB /* XcodeLoginExampleUITests.xctest */ = {isa = PBXFileReference; explicitFileType = wrapper.cfbundle; includeInIndex = 0; path = XcodeLoginExampleUITests.xctest; sourceTree = BUILT_PRODUCTS_DIR; };
		1D94917B1EDC7A060024DBAB /* XcodeLoginExampleUITests.swift */ = {isa = PBXFileReference; lastKnownFileType = sourcecode.swift; path = XcodeLoginExampleUITests.swift; sourceTree = "<group>"; };
		1D94917D1EDC7A060024DBAB /* Info.plist */ = {isa = PBXFileReference; lastKnownFileType = text.plist.xml; path = Info.plist; sourceTree = "<group>"; };
		A7CFD7CFF917029668D00BF2 /* Pods_XcodeLoginExample.framework */ = {isa = PBXFileReference; explicitFileType = wrapper.framework; includeInIndex = 0; path = Pods_XcodeLoginExample.framework; sourceTree = BUILT_PRODUCTS_DIR; };
		B66C80E11A567E24428B7D32 /* Pods-XcodeLoginExample.debug.xcconfig */ = {isa = PBXFileReference; includeInIndex = 1; lastKnownFileType = text.xcconfig; name = "Pods-XcodeLoginExample.debug.xcconfig"; path = "Pods/Target Support Files/Pods-XcodeLoginExample/Pods-XcodeLoginExample.debug.xcconfig"; sourceTree = "<group>"; };
		BC55889B4C87018D76892371 /* Pods-XcodeLoginExample.release.xcconfig */ = {isa = PBXFileReference; includeInIndex = 1; lastKnownFileType = text.xcconfig; name = "Pods-XcodeLoginExample.release.xcconfig"; path = "Pods/Target Support Files/Pods-XcodeLoginExample/Pods-XcodeLoginExample.release.xcconfig"; sourceTree = "<group>"; };
/* End PBXFileReference section */

/* Begin PBXFrameworksBuildPhase section */
		1D9491551EDC7A060024DBAB /* Frameworks */ = {
			isa = PBXFrameworksBuildPhase;
			buildActionMask = 2147483647;
			files = (
				6E703813BFFCA4F151F01317 /* Pods_XcodeLoginExample.framework in Frameworks */,
			);
			runOnlyForDeploymentPostprocessing = 0;
		};
		1D9491691EDC7A060024DBAB /* Frameworks */ = {
			isa = PBXFrameworksBuildPhase;
			buildActionMask = 2147483647;
			files = (
			);
			runOnlyForDeploymentPostprocessing = 0;
		};
		1D9491741EDC7A060024DBAB /* Frameworks */ = {
			isa = PBXFrameworksBuildPhase;
			buildActionMask = 2147483647;
			files = (
			);
			runOnlyForDeploymentPostprocessing = 0;
		};
/* End PBXFrameworksBuildPhase section */

/* Begin PBXGroup section */
		1D94914F1EDC7A060024DBAB = {
			isa = PBXGroup;
			children = (
				1D94915A1EDC7A060024DBAB /* XcodeLoginExample */,
				1D94916F1EDC7A060024DBAB /* XcodeLoginExampleTests */,
				1D94917A1EDC7A060024DBAB /* XcodeLoginExampleUITests */,
				1D9491591EDC7A060024DBAB /* Products */,
				7D58205235BC3F17CC438B0B /* Pods */,
				965DC0E2C6354281A602D36A /* Frameworks */,
			);
			sourceTree = "<group>";
		};
		1D9491591EDC7A060024DBAB /* Products */ = {
			isa = PBXGroup;
			children = (
				1D9491581EDC7A060024DBAB /* XcodeLoginExample.app */,
				1D94916C1EDC7A060024DBAB /* XcodeLoginExampleTests.xctest */,
				1D9491771EDC7A060024DBAB /* XcodeLoginExampleUITests.xctest */,
			);
			name = Products;
			sourceTree = "<group>";
		};
		1D94915A1EDC7A060024DBAB /* XcodeLoginExample */ = {
			isa = PBXGroup;
			children = (
				1D94915B1EDC7A060024DBAB /* AppDelegate.swift */,
				1D94915D1EDC7A060024DBAB /* ViewController.swift */,
				1D94915F1EDC7A060024DBAB /* Main.storyboard */,
				1D9491621EDC7A060024DBAB /* Assets.xcassets */,
				1D9491641EDC7A060024DBAB /* LaunchScreen.storyboard */,
				1D9491671EDC7A060024DBAB /* Info.plist */,
				1D26E54A1EE061E8001C7F87 /* ProfileViewController.swift */,
			);
			path = XcodeLoginExample;
			sourceTree = "<group>";
		};
		1D94916F1EDC7A060024DBAB /* XcodeLoginExampleTests */ = {
			isa = PBXGroup;
			children = (
				1D9491701EDC7A060024DBAB /* XcodeLoginExampleTests.swift */,
				1D9491721EDC7A060024DBAB /* Info.plist */,
			);
			path = XcodeLoginExampleTests;
			sourceTree = "<group>";
		};
		1D94917A1EDC7A060024DBAB /* XcodeLoginExampleUITests */ = {
			isa = PBXGroup;
			children = (
				1D94917B1EDC7A060024DBAB /* XcodeLoginExampleUITests.swift */,
				1D94917D1EDC7A060024DBAB /* Info.plist */,
			);
			path = XcodeLoginExampleUITests;
			sourceTree = "<group>";
		};
		7D58205235BC3F17CC438B0B /* Pods */ = {
			isa = PBXGroup;
			children = (
				B66C80E11A567E24428B7D32 /* Pods-XcodeLoginExample.debug.xcconfig */,
				BC55889B4C87018D76892371 /* Pods-XcodeLoginExample.release.xcconfig */,
			);
			name = Pods;
			sourceTree = "<group>";
		};
		965DC0E2C6354281A602D36A /* Frameworks */ = {
			isa = PBXGroup;
			children = (
				A7CFD7CFF917029668D00BF2 /* Pods_XcodeLoginExample.framework */,
			);
			name = Frameworks;
			sourceTree = "<group>";
		};
/* End PBXGroup section */

/* Begin PBXNativeTarget section */
		1D9491571EDC7A060024DBAB /* XcodeLoginExample */ = {
			isa = PBXNativeTarget;
			buildConfigurationList = 1D9491801EDC7A060024DBAB /* Build configuration list for PBXNativeTarget "XcodeLoginExample" */;
			buildPhases = (
				E4CD6B592884C64EED2BF469 /* [CP] Check Pods Manifest.lock */,
				1D9491541EDC7A060024DBAB /* Sources */,
				1D9491551EDC7A060024DBAB /* Frameworks */,
				1D9491561EDC7A060024DBAB /* Resources */,
				80C0B31F657F9A3757D4D8C7 /* [CP] Embed Pods Frameworks */,
				1EC0845EA3D05FBACC0E7524 /* [CP] Copy Pods Resources */,
			);
			buildRules = (
			);
			dependencies = (
			);
			name = XcodeLoginExample;
			productName = XcodeLoginExample;
			productReference = 1D9491581EDC7A060024DBAB /* XcodeLoginExample.app */;
			productType = "com.apple.product-type.application";
		};
		1D94916B1EDC7A060024DBAB /* XcodeLoginExampleTests */ = {
			isa = PBXNativeTarget;
			buildConfigurationList = 1D9491831EDC7A060024DBAB /* Build configuration list for PBXNativeTarget "XcodeLoginExampleTests" */;
			buildPhases = (
				1D9491681EDC7A060024DBAB /* Sources */,
				1D9491691EDC7A060024DBAB /* Frameworks */,
				1D94916A1EDC7A060024DBAB /* Resources */,
			);
			buildRules = (
			);
			dependencies = (
				1D94916E1EDC7A060024DBAB /* PBXTargetDependency */,
			);
			name = XcodeLoginExampleTests;
			productName = XcodeLoginExampleTests;
			productReference = 1D94916C1EDC7A060024DBAB /* XcodeLoginExampleTests.xctest */;
			productType = "com.apple.product-type.bundle.unit-test";
		};
		1D9491761EDC7A060024DBAB /* XcodeLoginExampleUITests */ = {
			isa = PBXNativeTarget;
			buildConfigurationList = 1D9491861EDC7A060024DBAB /* Build configuration list for PBXNativeTarget "XcodeLoginExampleUITests" */;
			buildPhases = (
				1D9491731EDC7A060024DBAB /* Sources */,
				1D9491741EDC7A060024DBAB /* Frameworks */,
				1D9491751EDC7A060024DBAB /* Resources */,
			);
			buildRules = (
			);
			dependencies = (
				1D9491791EDC7A060024DBAB /* PBXTargetDependency */,
			);
			name = XcodeLoginExampleUITests;
			productName = XcodeLoginExampleUITests;
			productReference = 1D9491771EDC7A060024DBAB /* XcodeLoginExampleUITests.xctest */;
			productType = "com.apple.product-type.bundle.ui-testing";
		};
/* End PBXNativeTarget section */

/* Begin PBXProject section */
		1D9491501EDC7A060024DBAB /* Project object */ = {
			isa = PBXProject;
			attributes = {
				LastSwiftUpdateCheck = 0830;
				LastUpgradeCheck = 0830;
				ORGANIZATIONNAME = "Belal Khan";
				TargetAttributes = {
					1D9491571EDC7A060024DBAB = {
						CreatedOnToolsVersion = 8.3.2;
						ProvisioningStyle = Automatic;
					};
					1D94916B1EDC7A060024DBAB = {
						CreatedOnToolsVersion = 8.3.2;
						ProvisioningStyle = Automatic;
						TestTargetID = 1D9491571EDC7A060024DBAB;
					};
					1D9491761EDC7A060024DBAB = {
						CreatedOnToolsVersion = 8.3.2;
						ProvisioningStyle = Automatic;
						TestTargetID = 1D9491571EDC7A060024DBAB;
					};
				};
			};
			buildConfigurationList = 1D9491531EDC7A060024DBAB /* Build configuration list for PBXProject "XcodeLoginExample" */;
			compatibilityVersion = "Xcode 3.2";
			developmentRegion = English;
			hasScannedForEncodings = 0;
			knownRegions = (
				en,
				Base,
			);
			mainGroup = 1D94914F1EDC7A060024DBAB;
			productRefGroup = 1D9491591EDC7A060024DBAB /* Products */;
			projectDirPath = "";
			projectRoot = "";
			targets = (
				1D9491571EDC7A060024DBAB /* XcodeLoginExample */,
				1D94916B1EDC7A060024DBAB /* XcodeLoginExampleTests */,
				1D9491761EDC7A060024DBAB /* XcodeLoginExampleUITests */,
			);
		};
/* End PBXProject section */

/* Begin PBXResourcesBuildPhase section */
		1D9491561EDC7A060024DBAB /* Resources */ = {
			isa = PBXResourcesBuildPhase;
			buildActionMask = 2147483647;
			files = (
				1D9491661EDC7A060024DBAB /* LaunchScreen.storyboard in Resources */,
				1D9491631EDC7A060024DBAB /* Assets.xcassets in Resources */,
				1D9491611EDC7A060024DBAB /* Main.storyboard in Resources */,
			);
			runOnlyForDeploymentPostprocessing = 0;
		};
		1D94916A1EDC7A060024DBAB /* Resources */ = {
			isa = PBXResourcesBuildPhase;
			buildActionMask = 2147483647;
			files = (
			);
			runOnlyForDeploymentPostprocessing = 0;
		};
		1D9491751EDC7A060024DBAB /* Resources */ = {
			isa = PBXResourcesBuildPhase;
			buildActionMask = 2147483647;
			files = (
			);
			runOnlyForDeploymentPostprocessing = 0;
		};
/* End PBXResourcesBuildPhase section */

/* Begin PBXShellScriptBuildPhase section */
		1EC0845EA3D05FBACC0E7524 /* [CP] Copy Pods Resources */ = {
			isa = PBXShellScriptBuildPhase;
			buildActionMask = 2147483647;
			files = (
			);
			inputPaths = (
			);
			name = "[CP] Copy Pods Resources";
			outputPaths = (
			);
			runOnlyForDeploymentPostprocessing = 0;
			shellPath = /bin/sh;
			shellScript = "\"${SRCROOT}/Pods/Target Support Files/Pods-XcodeLoginExample/Pods-XcodeLoginExample-resources.sh\"\n";
			showEnvVarsInLog = 0;
		};
		80C0B31F657F9A3757D4D8C7 /* [CP] Embed Pods Frameworks */ = {
			isa = PBXShellScriptBuildPhase;
			buildActionMask = 2147483647;
			files = (
			);
			inputPaths = (
			);
			name = "[CP] Embed Pods Frameworks";
			outputPaths = (
			);
			runOnlyForDeploymentPostprocessing = 0;
			shellPath = /bin/sh;
			shellScript = "\"${SRCROOT}/Pods/Target Support Files/Pods-XcodeLoginExample/Pods-XcodeLoginExample-frameworks.sh\"\n";
			showEnvVarsInLog = 0;
		};
		E4CD6B592884C64EED2BF469 /* [CP] Check Pods Manifest.lock */ = {
			isa = PBXShellScriptBuildPhase;
			buildActionMask = 2147483647;
			files = (
			);
			inputPaths = (
			);
			name = "[CP] Check Pods Manifest.lock";
			outputPaths = (
			);
			runOnlyForDeploymentPostprocessing = 0;
			shellPath = /bin/sh;
			shellScript = "diff \"${PODS_ROOT}/../Podfile.lock\" \"${PODS_ROOT}/Manifest.lock\" > /dev/null\nif [ $? != 0 ] ; then\n    # print error to STDERR\n    echo \"error: The sandbox is not in sync with the Podfile.lock. Run 'pod install' or update your CocoaPods installation.\" >&2\n    exit 1\nfi\n";
			showEnvVarsInLog = 0;
		};
/* End PBXShellScriptBuildPhase section */

/* Begin PBXSourcesBuildPhase section */
		1D9491541EDC7A060024DBAB /* Sources */ = {
			isa = PBXSourcesBuildPhase;
			buildActionMask = 2147483647;
			files = (
				1D26E54B1EE061E8001C7F87 /* ProfileViewController.swift in Sources */,
				1D94915E1EDC7A060024DBAB /* ViewController.swift in Sources */,
				1D94915C1EDC7A060024DBAB /* AppDelegate.swift in Sources */,
			);
			runOnlyForDeploymentPostprocessing = 0;
		};
		1D9491681EDC7A060024DBAB /* Sources */ = {
			isa = PBXSourcesBuildPhase;
			buildActionMask = 2147483647;
			files = (
				1D9491711EDC7A060024DBAB /* XcodeLoginExampleTests.swift in Sources */,
			);
			runOnlyForDeploymentPostprocessing = 0;
		};
		1D9491731EDC7A060024DBAB /* Sources */ = {
			isa = PBXSourcesBuildPhase;
			buildActionMask = 2147483647;
			files = (
				1D94917C1EDC7A060024DBAB /* XcodeLoginExampleUITests.swift in Sources */,
			);
			runOnlyForDeploymentPostprocessing = 0;
		};
/* End PBXSourcesBuildPhase section */

/* Begin PBXTargetDependency section */
		1D94916E1EDC7A060024DBAB /* PBXTargetDependency */ = {
			isa = PBXTargetDependency;
			target = 1D9491571EDC7A060024DBAB /* XcodeLoginExample */;
			targetProxy = 1D94916D1EDC7A060024DBAB /* PBXContainerItemProxy */;
		};
		1D9491791EDC7A060024DBAB /* PBXTargetDependency */ = {
			isa = PBXTargetDependency;
			target = 1D9491571EDC7A060024DBAB /* XcodeLoginExample */;
			targetProxy = 1D9491781EDC7A060024DBAB /* PBXContainerItemProxy */;
		};
/* End PBXTargetDependency section */

/* Begin PBXVariantGroup section */
		1D94915F1EDC7A060024DBAB /* Main.storyboard */ = {
			isa = PBXVariantGroup;
			children = (
				1D9491601EDC7A060024DBAB /* Base */,
			);
			name = Main.storyboard;
			sourceTree = "<group>";
		};
		1D9491641EDC7A060024DBAB /* LaunchScreen.storyboard */ = {
			isa = PBXVariantGroup;
			children = (
				1D9491651EDC7A060024DBAB /* Base */,
			);
			name = LaunchScreen.storyboard;
			sourceTree = "<group>";
		};
/* End PBXVariantGroup section */

/* Begin XCBuildConfiguration section */
		1D94917E1EDC7A060024DBAB /* Debug */ = {
			isa = XCBuildConfiguration;
			buildSettings = {
				ALWAYS_SEARCH_USER_PATHS = NO;
				CLANG_ANALYZER_NONNULL = YES;
				CLANG_ANALYZER_NUMBER_OBJECT_CONVERSION = YES_AGGRESSIVE;
				CLANG_CXX_LANGUAGE_STANDARD = "gnu++0x";
				CLANG_CXX_LIBRARY = "libc++";
				CLANG_ENABLE_MODULES = YES;
				CLANG_ENABLE_OBJC_ARC = YES;
				CLANG_WARN_BOOL_CONVERSION = YES;
				CLANG_WARN_CONSTANT_CONVERSION = YES;
				CLANG_WARN_DIRECT_OBJC_ISA_USAGE = YES_ERROR;
				CLANG_WARN_DOCUMENTATION_COMMENTS = YES;
				CLANG_WARN_EMPTY_BODY = YES;
				CLANG_WARN_ENUM_CONVERSION = YES;
				CLANG_WARN_INFINITE_RECURSION = YES;
				CLANG_WARN_INT_CONVERSION = YES;
				CLANG_WARN_OBJC_ROOT_CLASS = YES_ERROR;
				CLANG_WARN_SUSPICIOUS_MOVE = YES;
				CLANG_WARN_UNREACHABLE_CODE = YES;
				CLANG_WARN__DUPLICATE_METHOD_MATCH = YES;
				"CODE_SIGN_IDENTITY[sdk=iphoneos*]" = "iPhone Developer";
				COPY_PHASE_STRIP = NO;
				DEBUG_INFORMATION_FORMAT = dwarf;
				ENABLE_STRICT_OBJC_MSGSEND = YES;
				ENABLE_TESTABILITY = YES;
				GCC_C_LANGUAGE_STANDARD = gnu99;
				GCC_DYNAMIC_NO_PIC = NO;
				GCC_NO_COMMON_BLOCKS = YES;
				GCC_OPTIMIZATION_LEVEL = 0;
				GCC_PREPROCESSOR_DEFINITIONS = (
					"DEBUG=1",
					"$(inherited)",
				);
				GCC_WARN_64_TO_32_BIT_CONVERSION = YES;
				GCC_WARN_ABOUT_RETURN_TYPE = YES_ERROR;
				GCC_WARN_UNDECLARED_SELECTOR = YES;
				GCC_WARN_UNINITIALIZED_AUTOS = YES_AGGRESSIVE;
				GCC_WARN_UNUSED_FUNCTION = YES;
				GCC_WARN_UNUSED_VARIABLE = YES;
				IPHONEOS_DEPLOYMENT_TARGET = 10.3;
				MTL_ENABLE_DEBUG_INFO = YES;
				ONLY_ACTIVE_ARCH = YES;
				SDKROOT = iphoneos;
				SWIFT_ACTIVE_COMPILATION_CONDITIONS = DEBUG;
				SWIFT_OPTIMIZATION_LEVEL = "-Onone";
			};
			name = Debug;
		};
		1D94917F1EDC7A060024DBAB /* Release */ = {
			isa = XCBuildConfiguration;
			buildSettings = {
				ALWAYS_SEARCH_USER_PATHS = NO;
				CLANG_ANALYZER_NONNULL = YES;
				CLANG_ANALYZER_NUMBER_OBJECT_CONVERSION = YES_AGGRESSIVE;
				CLANG_CXX_LANGUAGE_STANDARD = "gnu++0x";
				CLANG_CXX_LIBRARY = "libc++";
				CLANG_ENABLE_MODULES = YES;
				CLANG_ENABLE_OBJC_ARC = YES;
				CLANG_WARN_BOOL_CONVERSION = YES;
				CLANG_WARN_CONSTANT_CONVERSION = YES;
				CLANG_WARN_DIRECT_OBJC_ISA_USAGE = YES_ERROR;
				CLANG_WARN_DOCUMENTATION_COMMENTS = YES;
				CLANG_WARN_EMPTY_BODY = YES;
				CLANG_WARN_ENUM_CONVERSION = YES;
				CLANG_WARN_INFINITE_RECURSION = YES;
				CLANG_WARN_INT_CONVERSION = YES;
				CLANG_WARN_OBJC_ROOT_CLASS = YES_ERROR;
				CLANG_WARN_SUSPICIOUS_MOVE = YES;
				CLANG_WARN_UNREACHABLE_CODE = YES;
				CLANG_WARN__DUPLICATE_METHOD_MATCH = YES;
				"CODE_SIGN_IDENTITY[sdk=iphoneos*]" = "iPhone Developer";
				COPY_PHASE_STRIP = NO;
				DEBUG_INFORMATION_FORMAT = "dwarf-with-dsym";
				ENABLE_NS_ASSERTIONS = NO;
				ENABLE_STRICT_OBJC_MSGSEND = YES;
				GCC_C_LANGUAGE_STANDARD = gnu99;
				GCC_NO_COMMON_BLOCKS = YES;
				GCC_WARN_64_TO_32_BIT_CONVERSION = YES;
				GCC_WARN_ABOUT_RETURN_TYPE = YES_ERROR;
				GCC_WARN_UNDECLARED_SELECTOR = YES;
				GCC_WARN_UNINITIALIZED_AUTOS = YES_AGGRESSIVE;
				GCC_WARN_UNUSED_FUNCTION = YES;
				GCC_WARN_UNUSED_VARIABLE = YES;
				IPHONEOS_DEPLOYMENT_TARGET = 10.3;
				MTL_ENABLE_DEBUG_INFO = NO;
				SDKROOT = iphoneos;
				SWIFT_OPTIMIZATION_LEVEL = "-Owholemodule";
				VALIDATE_PRODUCT = YES;
			};
			name = Release;
		};
		1D9491811EDC7A060024DBAB /* Debug */ = {
			isa = XCBuildConfiguration;
			baseConfigurationReference = B66C80E11A567E24428B7D32 /* Pods-XcodeLoginExample.debug.xcconfig */;
			buildSettings = {
				ASSETCATALOG_COMPILER_APPICON_NAME = AppIcon;
				INFOPLIST_FILE = XcodeLoginExample/Info.plist;
				LD_RUNPATH_SEARCH_PATHS = "$(inherited) @executable_path/Frameworks";
				PRODUCT_BUNDLE_IDENTIFIER = simplifiedcoding.net.XcodeLoginExample;
				PRODUCT_NAME = "$(TARGET_NAME)";
				SWIFT_VERSION = 3.0;
			};
			name = Debug;
		};
		1D9491821EDC7A060024DBAB /* Release */ = {
			isa = XCBuildConfiguration;
			baseConfigurationReference = BC55889B4C87018D76892371 /* Pods-XcodeLoginExample.release.xcconfig */;
			buildSettings = {
				ASSETCATALOG_COMPILER_APPICON_NAME = AppIcon;
				INFOPLIST_FILE = XcodeLoginExample/Info.plist;
				LD_RUNPATH_SEARCH_PATHS = "$(inherited) @executable_path/Frameworks";
				PRODUCT_BUNDLE_IDENTIFIER = simplifiedcoding.net.XcodeLoginExample;
				PRODUCT_NAME = "$(TARGET_NAME)";
				SWIFT_VERSION = 3.0;
			};
			name = Release;
		};
		1D9491841EDC7A060024DBAB /* Debug */ = {
			isa = XCBuildConfiguration;
			buildSettings = {
				ALWAYS_EMBED_SWIFT_STANDARD_LIBRARIES = YES;
				BUNDLE_LOADER = "$(TEST_HOST)";
				INFOPLIST_FILE = XcodeLoginExampleTests/Info.plist;
				LD_RUNPATH_SEARCH_PATHS = "$(inherited) @executable_path/Frameworks @loader_path/Frameworks";
				PRODUCT_BUNDLE_IDENTIFIER = simplifiedcoding.net.XcodeLoginExampleTests;
				PRODUCT_NAME = "$(TARGET_NAME)";
				SWIFT_VERSION = 3.0;
				TEST_HOST = "$(BUILT_PRODUCTS_DIR)/XcodeLoginExample.app/XcodeLoginExample";
			};
			name = Debug;
		};
		1D9491851EDC7A060024DBAB /* Release */ = {
			isa = XCBuildConfiguration;
			buildSettings = {
				ALWAYS_EMBED_SWIFT_STANDARD_LIBRARIES = YES;
				BUNDLE_LOADER = "$(TEST_HOST)";
				INFOPLIST_FILE = XcodeLoginExampleTests/Info.plist;
				LD_RUNPATH_SEARCH_PATHS = "$(inherited) @executable_path/Frameworks @loader_path/Frameworks";
				PRODUCT_BUNDLE_IDENTIFIER = simplifiedcoding.net.XcodeLoginExampleTests;
				PRODUCT_NAME = "$(TARGET_NAME)";
				SWIFT_VERSION = 3.0;
				TEST_HOST = "$(BUILT_PRODUCTS_DIR)/XcodeLoginExample.app/XcodeLoginExample";
			};
			name = Release;
		};
		1D9491871EDC7A060024DBAB /* Debug */ = {
			isa = XCBuildConfiguration;
			buildSettings = {
				ALWAYS_EMBED_SWIFT_STANDARD_LIBRARIES = YES;
				INFOPLIST_FILE = XcodeLoginExampleUITests/Info.plist;
				LD_RUNPATH_SEARCH_PATHS = "$(inherited) @executable_path/Frameworks @loader_path/Frameworks";
				PRODUCT_BUNDLE_IDENTIFIER = simplifiedcoding.net.XcodeLoginExampleUITests;
				PRODUCT_NAME = "$(TARGET_NAME)";
				SWIFT_VERSION = 3.0;
				TEST_TARGET_NAME = XcodeLoginExample;
			};
			name = Debug;
		};
		1D9491881EDC7A060024DBAB /* Release */ = {
			isa = XCBuildConfiguration;
			buildSettings = {
				ALWAYS_EMBED_SWIFT_STANDARD_LIBRARIES = YES;
				INFOPLIST_FILE = XcodeLoginExampleUITests/Info.plist;
				LD_RUNPATH_SEARCH_PATHS = "$(inherited) @executable_path/Frameworks @loader_path/Frameworks";
				PRODUCT_BUNDLE_IDENTIFIER = simplifiedcoding.net.XcodeLoginExampleUITests;
				PRODUCT_NAME = "$(TARGET_NAME)";
				SWIFT_VERSION = 3.0;
				TEST_TARGET_NAME = XcodeLoginExample;
			};
			name = Release;
		};
/* End XCBuildConfiguration section */

/* Begin XCConfigurationList section */
		1D9491531EDC7A060024DBAB /* Build configuration list for PBXProject "XcodeLoginExample" */ = {
			isa = XCConfigurationList;
			buildConfigurations = (
				1D94917E1EDC7A060024DBAB /* Debug */,
				1D94917F1EDC7A060024DBAB /* Release */,
			);
			defaultConfigurationIsVisible = 0;
			defaultConfigurationName = Release;
		};
		1D9491801EDC7A060024DBAB /* Build configuration list for PBXNativeTarget "XcodeLoginExample" */ = {
			isa = XCConfigurationList;
			buildConfigurations = (
				1D9491811EDC7A060024DBAB /* Debug */,
				1D9491821EDC7A060024DBAB /* Release */,
			);
			defaultConfigurationIsVisible = 0;
			defaultConfigurationName = Release;
		};
		1D9491831EDC7A060024DBAB /* Build configuration list for PBXNativeTarget "XcodeLoginExampleTests" */ = {
			isa = XCConfigurationList;
			buildConfigurations = (
				1D9491841EDC7A060024DBAB /* Debug */,
				1D9491851EDC7A060024DBAB /* Release */,
			);
			defaultConfigurationIsVisible = 0;
			defaultConfigurationName = Release;
		};
		1D9491861EDC7A060024DBAB /* Build configuration list for PBXNativeTarget "XcodeLoginExampleUITests" */ = {
			isa = XCConfigurationList;
			buildConfigurations = (
				1D9491871EDC7A060024DBAB /* Debug */,
				1D9491881EDC7A060024DBAB /* Release */,
			);
			defaultConfigurationIsVisible = 0;
			defaultConfigurationName = Release;
		};
/* End XCConfigurationList section */
	};
	rootObject = 1D9491501EDC7A060024DBAB /* Project object */;
}
