
Microsoft Visual Studio Solution File, Format Version 12.00
# Visual Studio 2012
Project("{FAE04EC0-301F-11D3-BF4B-00C04F79EFBC}") = "LetsCalc", "LetsCalc.csproj", "{3E5DEDC9-48D4-42A1-9A9A-9B1369F9D069}"
EndProject
Global
	GlobalSection(SolutionConfigurationPlatforms) = preSolution
		Debug|iPhoneSimulator = Debug|iPhoneSimulator
		Release|iPhone = Release|iPhone
		Release|iPhoneSimulator = Release|iPhoneSimulator
		Debug|iPhone = Debug|iPhone
	EndGlobalSection
	GlobalSection(ProjectConfigurationPlatforms) = postSolution
		{3E5DEDC9-48D4-42A1-9A9A-9B1369F9D069}.Debug|iPhoneSimulator.ActiveCfg = Debug|iPhoneSimulator
		{3E5DEDC9-48D4-42A1-9A9A-9B1369F9D069}.Debug|iPhoneSimulator.Build.0 = Debug|iPhoneSimulator
		{3E5DEDC9-48D4-42A1-9A9A-9B1369F9D069}.Release|iPhone.ActiveCfg = Release|iPhone
		{3E5DEDC9-48D4-42A1-9A9A-9B1369F9D069}.Release|iPhone.Build.0 = Release|iPhone
		{3E5DEDC9-48D4-42A1-9A9A-9B1369F9D069}.Release|iPhoneSimulator.ActiveCfg = Release|iPhoneSimulator
		{3E5DEDC9-48D4-42A1-9A9A-9B1369F9D069}.Release|iPhoneSimulator.Build.0 = Release|iPhoneSimulator
		{3E5DEDC9-48D4-42A1-9A9A-9B1369F9D069}.Debug|iPhone.ActiveCfg = Debug|iPhone
		{3E5DEDC9-48D4-42A1-9A9A-9B1369F9D069}.Debug|iPhone.Build.0 = Debug|iPhone
	EndGlobalSection
EndGlobal
